
Microsoft Visual Studio Solution File, Format Version 12.00
# Visual Studio Version 16
VisualStudioVersion = 16.0.29613.14
MinimumVisualStudioVersion = 10.0.40219.1
Project("{FAE04EC0-301F-11D3-BF4B-00C04F79EFBC}") = "OdeToFood.Web", "OdeToFood.Web\OdeToFood.Web.csproj", "{1EBD71D6-40EC-49DF-8B33-9A0ED5FE0E72}"
EndProject
Project("{FAE04EC0-301F-11D3-BF4B-00C04F79EFBC}") = "OdeToFood.Data", "OdeToFood.Data\OdeToFood.Data.csproj", "{5F09B8A3-CB6D-4CAA-9993-60B486B0FA23}"
EndProject
Global
	GlobalSection(SolutionConfigurationPlatforms) = preSolution
		Debug|Any CPU = Debug|Any CPU
		Release|Any CPU = Release|Any CPU
	EndGlobalSection
	GlobalSection(ProjectConfigurationPlatforms) = postSolution
		{1EBD71D6-40EC-49DF-8B33-9A0ED5FE0E72}.Debug|Any CPU.ActiveCfg = Debug|Any CPU
		{1EBD71D6-40EC-49DF-8B33-9A0ED5FE0E72}.Debug|Any CPU.Build.0 = Debug|Any CPU
		{1EBD71D6-40EC-49DF-8B33-9A0ED5FE0E72}.Release|Any CPU.ActiveCfg = Release|Any CPU
		{1EBD71D6-40EC-49DF-8B33-9A0ED5FE0E72}.Release|Any CPU.Build.0 = Release|Any CPU
		{5F09B8A3-CB6D-4CAA-9993-60B486B0FA23}.Debug|Any CPU.ActiveCfg = Debug|Any CPU
		{5F09B8A3-CB6D-4CAA-9993-60B486B0FA23}.Debug|Any CPU.Build.0 = Debug|Any CPU
		{5F09B8A3-CB6D-4CAA-9993-60B486B0FA23}.Release|Any CPU.ActiveCfg = Release|Any CPU
		{5F09B8A3-CB6D-4CAA-9993-60B486B0FA23}.Release|Any CPU.Build.0 = Release|Any CPU
	EndGlobalSection
	GlobalSection(SolutionProperties) = preSolution
		HideSolutionNode = FALSE
	EndGlobalSection
	GlobalSection(ExtensibilityGlobals) = postSolution
		SolutionGuid = {E2D0E075-1DBC-4F04-B758-029FB429F27C}
	EndGlobalSection
EndGlobal
